
Microsoft Visual Studio Solution File, Format Version 12.00
# Visual Studio Version 17
VisualStudioVersion = 17.5.33516.290
MinimumVisualStudioVersion = 10.0.40219.1
Project("{9A19103F-16F7-4668-BE54-9A1E7A4F7556}") = "REST Api", "REST Api\REST Api.csproj", "{43935788-18E8-4C3B-A24A-52A05BD13A2D}"
EndProject
Project("{FAE04EC0-301F-11D3-BF4B-00C04F79EFBC}") = "User Web", "User Web\User Web.csproj", "{CC7C898F-4C09-4983-99B4-DC05EF577722}"
EndProject
Global
	GlobalSection(SolutionConfigurationPlatforms) = preSolution
		Debug|Any CPU = Debug|Any CPU
		Release|Any CPU = Release|Any CPU
	EndGlobalSection
	GlobalSection(ProjectConfigurationPlatforms) = postSolution
		{43935788-18E8-4C3B-A24A-52A05BD13A2D}.Debug|Any CPU.ActiveCfg = Debug|Any CPU
		{43935788-18E8-4C3B-A24A-52A05BD13A2D}.Debug|Any CPU.Build.0 = Debug|Any CPU
		{43935788-18E8-4C3B-A24A-52A05BD13A2D}.Release|Any CPU.ActiveCfg = Release|Any CPU
		{43935788-18E8-4C3B-A24A-52A05BD13A2D}.Release|Any CPU.Build.0 = Release|Any CPU
		{CC7C898F-4C09-4983-99B4-DC05EF577722}.Debug|Any CPU.ActiveCfg = Debug|Any CPU
		{CC7C898F-4C09-4983-99B4-DC05EF577722}.Debug|Any CPU.Build.0 = Debug|Any CPU
		{CC7C898F-4C09-4983-99B4-DC05EF577722}.Release|Any CPU.ActiveCfg = Release|Any CPU
		{CC7C898F-4C09-4983-99B4-DC05EF577722}.Release|Any CPU.Build.0 = Release|Any CPU
	EndGlobalSection
	GlobalSection(SolutionProperties) = preSolution
		HideSolutionNode = FALSE
	EndGlobalSection
	GlobalSection(ExtensibilityGlobals) = postSolution
		SolutionGuid = {DBAE9F13-A5D2-4291-912D-D3867CEE174D}
	EndGlobalSection
EndGlobal
